
Microsoft Visual Studio Solution File, Format Version 12.00
# Visual Studio 15
Project("{FAE04EC0-301F-11D3-BF4B-00C04F79EFBC}") = "UnityEngine.TestRunner", "UnityEngine.TestRunner.csproj", "{6B36D283-4543-C06D-7972-10FC3A4B85E4}"
EndProject
Project("{FAE04EC0-301F-11D3-BF4B-00C04F79EFBC}") = "Unity.Mathematics", "Unity.Mathematics.csproj", "{E599534A-7779-CAD5-D7B4-36046E9AD3E3}"
EndProject
Project("{FAE04EC0-301F-11D3-BF4B-00C04F79EFBC}") = "Unity.2D.Animation.Triangle.Runtime", "Unity.2D.Animation.Triangle.Runtime.csproj", "{854340A1-C412-F239-F83D-D6124555A213}"
EndProject
Project("{FAE04EC0-301F-11D3-BF4B-00C04F79EFBC}") = "Unity.Timeline", "Unity.Timeline.csproj", "{390CD157-86CF-7877-0BD1-93B525044455}"
EndProject
Project("{FAE04EC0-301F-11D3-BF4B-00C04F79EFBC}") = "UnityEngine.UI", "UnityEngine.UI.csproj", "{C61F31D5-04DB-9472-F964-B612D759D13B}"
EndProject
Project("{FAE04EC0-301F-11D3-BF4B-00C04F79EFBC}") = "Unity.TextMeshPro", "Unity.TextMeshPro.csproj", "{23BCE1EF-9C00-EB12-15C1-2EDD8719C839}"
EndProject
Project("{FAE04EC0-301F-11D3-BF4B-00C04F79EFBC}") = "Unity.2D.Animation.Runtime", "Unity.2D.Animation.Runtime.csproj", "{2F2A32F6-D25F-8CE5-25C2-53D6A0A99CE0}"
EndProject
Project("{FAE04EC0-301F-11D3-BF4B-00C04F79EFBC}") = "Unity.2D.IK.Runtime", "Unity.2D.IK.Runtime.csproj", "{A6AA2F29-B930-2B9A-ABFC-70351718D19F}"
EndProject
Project("{FAE04EC0-301F-11D3-BF4B-00C04F79EFBC}") = "Unity.2D.SpriteShape.Runtime", "Unity.2D.SpriteShape.Runtime.csproj", "{56B058C5-A72E-C0BD-875A-23572E5D53D7}"
EndProject
Project("{FAE04EC0-301F-11D3-BF4B-00C04F79EFBC}") = "Unity.2D.PixelPerfect", "Unity.2D.PixelPerfect.csproj", "{2691250D-C9E7-50A8-FE47-21C06CD939D9}"
EndProject
Project("{FAE04EC0-301F-11D3-BF4B-00C04F79EFBC}") = "Unity.2D.Common.Runtime", "Unity.2D.Common.Runtime.csproj", "{27ACB141-5BA1-674A-7302-9777F31DE9BC}"
EndProject
Project("{FAE04EC0-301F-11D3-BF4B-00C04F79EFBC}") = "Unity.InternalAPIEngineBridge.001", "Unity.InternalAPIEngineBridge.001.csproj", "{8311D683-DFD0-6954-C430-46CEDF9C3F42}"
EndProject
Project("{FAE04EC0-301F-11D3-BF4B-00C04F79EFBC}") = "Assembly-CSharp", "Assembly-CSharp.csproj", "{3E39F6AB-BA23-CBFE-EEB6-1A67228246DD}"
EndProject
Project("{FAE04EC0-301F-11D3-BF4B-00C04F79EFBC}") = "UnityEditor.TestRunner", "UnityEditor.TestRunner.csproj", "{DB7F11DB-8104-F3EE-40B2-EA5E12CC5086}"
EndProject
Project("{FAE04EC0-301F-11D3-BF4B-00C04F79EFBC}") = "Unity.PlasticSCM.Editor", "Unity.PlasticSCM.Editor.csproj", "{DE50FA8C-866B-558F-F448-17E143A6ACC2}"
EndProject
Project("{FAE04EC0-301F-11D3-BF4B-00C04F79EFBC}") = "UnityEditor.UI", "UnityEditor.UI.csproj", "{ADB73B87-6125-A706-6083-548C4F39D54E}"
EndProject
Project("{FAE04EC0-301F-11D3-BF4B-00C04F79EFBC}") = "Unity.Services.Core.Editor", "Unity.Services.Core.Editor.csproj", "{3EB0C3E5-DFCA-8ADB-6D20-F3513B7539D5}"
EndProject
Project("{FAE04EC0-301F-11D3-BF4B-00C04F79EFBC}") = "Unity.Timeline.Editor", "Unity.Timeline.Editor.csproj", "{3CDD65F2-7E1B-64D1-BF45-2A5688F2D843}"
EndProject
Project("{FAE04EC0-301F-11D3-BF4B-00C04F79EFBC}") = "Unity.VisualStudio.Editor", "Unity.VisualStudio.Editor.csproj", "{C5851F91-E32F-4B44-2253-7A75ED8C3F4B}"
EndProject
Project("{FAE04EC0-301F-11D3-BF4B-00C04F79EFBC}") = "Unity.2D.Psdimporter.Editor", "Unity.2D.Psdimporter.Editor.csproj", "{287E110C-D268-FD35-8F50-A69789D1796C}"
EndProject
Project("{FAE04EC0-301F-11D3-BF4B-00C04F79EFBC}") = "Unity.2D.Animation.Editor", "Unity.2D.Animation.Editor.csproj", "{E6112299-F609-B59F-4D2A-1B387FE385B1}"
EndProject
Project("{FAE04EC0-301F-11D3-BF4B-00C04F79EFBC}") = "Unity.TextMeshPro.Editor", "Unity.TextMeshPro.Editor.csproj", "{912A0FC1-045B-9C91-A9D2-39D7140D311F}"
EndProject
Project("{FAE04EC0-301F-11D3-BF4B-00C04F79EFBC}") = "Unity.2D.SpriteShape.Editor", "Unity.2D.SpriteShape.Editor.csproj", "{EC97FC52-400E-B77E-0DE0-63ACD5897142}"
EndProject
Project("{FAE04EC0-301F-11D3-BF4B-00C04F79EFBC}") = "Unity.CollabProxy.Editor", "Unity.CollabProxy.Editor.csproj", "{3ADC9D84-1DD7-8D6F-5671-511AD15C2A5D}"
EndProject
Project("{FAE04EC0-301F-11D3-BF4B-00C04F79EFBC}") = "PsdPlugin", "PsdPlugin.csproj", "{66871920-167B-C5B6-A104-2EE1C17CB463}"
EndProject
Project("{FAE04EC0-301F-11D3-BF4B-00C04F79EFBC}") = "Unity.2D.Path.Editor", "Unity.2D.Path.Editor.csproj", "{7566A87D-E45F-7FB2-0516-E297AF1838B8}"
EndProject
Project("{FAE04EC0-301F-11D3-BF4B-00C04F79EFBC}") = "Unity.Rider.Editor", "Unity.Rider.Editor.csproj", "{991DC7C5-0255-A706-8AFE-B502B3367926}"
EndProject
Project("{FAE04EC0-301F-11D3-BF4B-00C04F79EFBC}") = "Unity.2D.IK.Editor", "Unity.2D.IK.Editor.csproj", "{2204158D-F376-5758-920B-1FB3680DC320}"
EndProject
Project("{FAE04EC0-301F-11D3-BF4B-00C04F79EFBC}") = "Unity.2D.Sprite.Editor", "Unity.2D.Sprite.Editor.csproj", "{2ECC1172-8EDE-7135-5F73-E188615EE56A}"
EndProject
Project("{FAE04EC0-301F-11D3-BF4B-00C04F79EFBC}") = "Unity.2D.Tilemap.Editor", "Unity.2D.Tilemap.Editor.csproj", "{768B0A25-BECE-2868-42F2-7CB08AA5822D}"
EndProject
Project("{FAE04EC0-301F-11D3-BF4B-00C04F79EFBC}") = "Unity.2D.PixelPerfect.Editor", "Unity.2D.PixelPerfect.Editor.csproj", "{7F90C69B-6B37-56B3-5FB8-82283F09B5D3}"
EndProject
Project("{FAE04EC0-301F-11D3-BF4B-00C04F79EFBC}") = "Unity.VSCode.Editor", "Unity.VSCode.Editor.csproj", "{EBBD0C71-71E7-0124-41E4-C5CF8353CCCF}"
EndProject
Project("{FAE04EC0-301F-11D3-BF4B-00C04F79EFBC}") = "Unity.2D.Common.Editor", "Unity.2D.Common.Editor.csproj", "{57C6AA5F-1CED-785A-45CB-9DE481FC85B0}"
EndProject
Project("{FAE04EC0-301F-11D3-BF4B-00C04F79EFBC}") = "Unity.Mathematics.Editor", "Unity.Mathematics.Editor.csproj", "{56BC3F1A-9281-D862-FEEB-46583741502B}"
EndProject
Project("{FAE04EC0-301F-11D3-BF4B-00C04F79EFBC}") = "Unity.InternalAPIEditorBridge.001", "Unity.InternalAPIEditorBridge.001.csproj", "{BA10A232-DDF9-5772-68BE-F2621130D845}"
EndProject
Project("{FAE04EC0-301F-11D3-BF4B-00C04F79EFBC}") = "UnityEngine.TestRunner", "UnityEngine.TestRunner.Player.csproj", "{1E2DC772-EB97-6BA6-75CF-9CE9FD37ADC1}"
EndProject
Project("{FAE04EC0-301F-11D3-BF4B-00C04F79EFBC}") = "Unity.Mathematics", "Unity.Mathematics.Player.csproj", "{BC0D27BF-6C60-3E69-47F7-673AD72944F2}"
EndProject
Project("{FAE04EC0-301F-11D3-BF4B-00C04F79EFBC}") = "Unity.2D.Animation.Triangle.Runtime", "Unity.2D.Animation.Triangle.Runtime.Player.csproj", "{5331C7C7-518D-8BBF-CC01-801C5D5E5C38}"
EndProject
Project("{FAE04EC0-301F-11D3-BF4B-00C04F79EFBC}") = "Unity.Timeline", "Unity.Timeline.Player.csproj", "{52CE02B7-7EA3-6B03-DD9F-EBD36092FF4B}"
EndProject
Project("{FAE04EC0-301F-11D3-BF4B-00C04F79EFBC}") = "UnityEngine.UI", "UnityEngine.UI.Player.csproj", "{D2548846-4D7A-79A1-F2C2-AF505822E82A}"
EndProject
Project("{FAE04EC0-301F-11D3-BF4B-00C04F79EFBC}") = "Unity.TextMeshPro", "Unity.TextMeshPro.Player.csproj", "{2576FF5B-AC6B-AC1C-0046-29E328F50DDD}"
EndProject
Project("{FAE04EC0-301F-11D3-BF4B-00C04F79EFBC}") = "Unity.2D.Animation.Runtime", "Unity.2D.Animation.Runtime.Player.csproj", "{DDA1D3C9-374B-08D4-843D-389A64BF5C06}"
EndProject
Project("{FAE04EC0-301F-11D3-BF4B-00C04F79EFBC}") = "Unity.2D.IK.Runtime", "Unity.2D.IK.Runtime.Player.csproj", "{1877923D-0DA0-C6CC-12A5-D0FDFB6B6E5C}"
EndProject
Project("{FAE04EC0-301F-11D3-BF4B-00C04F79EFBC}") = "Unity.2D.SpriteShape.Runtime", "Unity.2D.SpriteShape.Runtime.Player.csproj", "{E3C21F03-897A-4B00-2741-D84D47053AD6}"
EndProject
Project("{FAE04EC0-301F-11D3-BF4B-00C04F79EFBC}") = "Unity.2D.PixelPerfect", "Unity.2D.PixelPerfect.Player.csproj", "{DF421D08-5040-8BF8-E3EC-113491B6F8F5}"
EndProject
Project("{FAE04EC0-301F-11D3-BF4B-00C04F79EFBC}") = "Unity.2D.Common.Runtime", "Unity.2D.Common.Runtime.Player.csproj", "{311A569A-61A3-23C8-2DD6-BE68F59EE025}"
EndProject
Project("{FAE04EC0-301F-11D3-BF4B-00C04F79EFBC}") = "Unity.InternalAPIEngineBridge.001", "Unity.InternalAPIEngineBridge.001.Player.csproj", "{77712FCF-3493-AEBF-8B66-B7080215046C}"
EndProject
Project("{FAE04EC0-301F-11D3-BF4B-00C04F79EFBC}") = "Assembly-CSharp", "Assembly-CSharp.Player.csproj", "{E32E8573-B5AB-7D2E-D83D-4B510506BC1D}"
EndProject
Global
	GlobalSection(SolutionConfigurationPlatforms) = preSolution
		Debug|Any CPU = Debug|Any CPU
		Release|Any CPU = Release|Any CPU
	EndGlobalSection
	GlobalSection(ProjectConfigurationPlatforms) = postSolution
		{6B36D283-4543-C06D-7972-10FC3A4B85E4}.Debug|Any CPU.ActiveCfg = Debug|Any CPU
		{6B36D283-4543-C06D-7972-10FC3A4B85E4}.Debug|Any CPU.Build.0 = Debug|Any CPU
		{6B36D283-4543-C06D-7972-10FC3A4B85E4}.Release|Any CPU.ActiveCfg = Release|Any CPU
		{6B36D283-4543-C06D-7972-10FC3A4B85E4}.Release|Any CPU.Build.0 = Release|Any CPU
		{E599534A-7779-CAD5-D7B4-36046E9AD3E3}.Debug|Any CPU.ActiveCfg = Debug|Any CPU
		{E599534A-7779-CAD5-D7B4-36046E9AD3E3}.Debug|Any CPU.Build.0 = Debug|Any CPU
		{E599534A-7779-CAD5-D7B4-36046E9AD3E3}.Release|Any CPU.ActiveCfg = Release|Any CPU
		{E599534A-7779-CAD5-D7B4-36046E9AD3E3}.Release|Any CPU.Build.0 = Release|Any CPU
		{854340A1-C412-F239-F83D-D6124555A213}.Debug|Any CPU.ActiveCfg = Debug|Any CPU
		{854340A1-C412-F239-F83D-D6124555A213}.Debug|Any CPU.Build.0 = Debug|Any CPU
		{854340A1-C412-F239-F83D-D6124555A213}.Release|Any CPU.ActiveCfg = Release|Any CPU
		{854340A1-C412-F239-F83D-D6124555A213}.Release|Any CPU.Build.0 = Release|Any CPU
		{390CD157-86CF-7877-0BD1-93B525044455}.Debug|Any CPU.ActiveCfg = Debug|Any CPU
		{390CD157-86CF-7877-0BD1-93B525044455}.Debug|Any CPU.Build.0 = Debug|Any CPU
		{390CD157-86CF-7877-0BD1-93B525044455}.Release|Any CPU.ActiveCfg = Release|Any CPU
		{390CD157-86CF-7877-0BD1-93B525044455}.Release|Any CPU.Build.0 = Release|Any CPU
		{C61F31D5-04DB-9472-F964-B612D759D13B}.Debug|Any CPU.ActiveCfg = Debug|Any CPU
		{C61F31D5-04DB-9472-F964-B612D759D13B}.Debug|Any CPU.Build.0 = Debug|Any CPU
		{C61F31D5-04DB-9472-F964-B612D759D13B}.Release|Any CPU.ActiveCfg = Release|Any CPU
		{C61F31D5-04DB-9472-F964-B612D759D13B}.Release|Any CPU.Build.0 = Release|Any CPU
		{23BCE1EF-9C00-EB12-15C1-2EDD8719C839}.Debug|Any CPU.ActiveCfg = Debug|Any CPU
		{23BCE1EF-9C00-EB12-15C1-2EDD8719C839}.Debug|Any CPU.Build.0 = Debug|Any CPU
		{23BCE1EF-9C00-EB12-15C1-2EDD8719C839}.Release|Any CPU.ActiveCfg = Release|Any CPU
		{23BCE1EF-9C00-EB12-15C1-2EDD8719C839}.Release|Any CPU.Build.0 = Release|Any CPU
		{2F2A32F6-D25F-8CE5-25C2-53D6A0A99CE0}.Debug|Any CPU.ActiveCfg = Debug|Any CPU
		{2F2A32F6-D25F-8CE5-25C2-53D6A0A99CE0}.Debug|Any CPU.Build.0 = Debug|Any CPU
		{2F2A32F6-D25F-8CE5-25C2-53D6A0A99CE0}.Release|Any CPU.ActiveCfg = Release|Any CPU
		{2F2A32F6-D25F-8CE5-25C2-53D6A0A99CE0}.Release|Any CPU.Build.0 = Release|Any CPU
		{A6AA2F29-B930-2B9A-ABFC-70351718D19F}.Debug|Any CPU.ActiveCfg = Debug|Any CPU
		{A6AA2F29-B930-2B9A-ABFC-70351718D19F}.Debug|Any CPU.Build.0 = Debug|Any CPU
		{A6AA2F29-B930-2B9A-ABFC-70351718D19F}.Release|Any CPU.ActiveCfg = Release|Any CPU
		{A6AA2F29-B930-2B9A-ABFC-70351718D19F}.Release|Any CPU.Build.0 = Release|Any CPU
		{56B058C5-A72E-C0BD-875A-23572E5D53D7}.Debug|Any CPU.ActiveCfg = Debug|Any CPU
		{56B058C5-A72E-C0BD-875A-23572E5D53D7}.Debug|Any CPU.Build.0 = Debug|Any CPU
		{56B058C5-A72E-C0BD-875A-23572E5D53D7}.Release|Any CPU.ActiveCfg = Release|Any CPU
		{56B058C5-A72E-C0BD-875A-23572E5D53D7}.Release|Any CPU.Build.0 = Release|Any CPU
		{2691250D-C9E7-50A8-FE47-21C06CD939D9}.Debug|Any CPU.ActiveCfg = Debug|Any CPU
		{2691250D-C9E7-50A8-FE47-21C06CD939D9}.Debug|Any CPU.Build.0 = Debug|Any CPU
		{2691250D-C9E7-50A8-FE47-21C06CD939D9}.Release|Any CPU.ActiveCfg = Release|Any CPU
		{2691250D-C9E7-50A8-FE47-21C06CD939D9}.Release|Any CPU.Build.0 = Release|Any CPU
		{27ACB141-5BA1-674A-7302-9777F31DE9BC}.Debug|Any CPU.ActiveCfg = Debug|Any CPU
		{27ACB141-5BA1-674A-7302-9777F31DE9BC}.Debug|Any CPU.Build.0 = Debug|Any CPU
		{27ACB141-5BA1-674A-7302-9777F31DE9BC}.Release|Any CPU.ActiveCfg = Release|Any CPU
		{27ACB141-5BA1-674A-7302-9777F31DE9BC}.Release|Any CPU.Build.0 = Release|Any CPU
		{8311D683-DFD0-6954-C430-46CEDF9C3F42}.Debug|Any CPU.ActiveCfg = Debug|Any CPU
		{8311D683-DFD0-6954-C430-46CEDF9C3F42}.Debug|Any CPU.Build.0 = Debug|Any CPU
		{8311D683-DFD0-6954-C430-46CEDF9C3F42}.Release|Any CPU.ActiveCfg = Release|Any CPU
		{8311D683-DFD0-6954-C430-46CEDF9C3F42}.Release|Any CPU.Build.0 = Release|Any CPU
		{3E39F6AB-BA23-CBFE-EEB6-1A67228246DD}.Debug|Any CPU.ActiveCfg = Debug|Any CPU
		{3E39F6AB-BA23-CBFE-EEB6-1A67228246DD}.Debug|Any CPU.Build.0 = Debug|Any CPU
		{3E39F6AB-BA23-CBFE-EEB6-1A67228246DD}.Release|Any CPU.ActiveCfg = Release|Any CPU
		{3E39F6AB-BA23-CBFE-EEB6-1A67228246DD}.Release|Any CPU.Build.0 = Release|Any CPU
		{DB7F11DB-8104-F3EE-40B2-EA5E12CC5086}.Debug|Any CPU.ActiveCfg = Debug|Any CPU
		{DB7F11DB-8104-F3EE-40B2-EA5E12CC5086}.Debug|Any CPU.Build.0 = Debug|Any CPU
		{DB7F11DB-8104-F3EE-40B2-EA5E12CC5086}.Release|Any CPU.ActiveCfg = Release|Any CPU
		{DB7F11DB-8104-F3EE-40B2-EA5E12CC5086}.Release|Any CPU.Build.0 = Release|Any CPU
		{DE50FA8C-866B-558F-F448-17E143A6ACC2}.Debug|Any CPU.ActiveCfg = Debug|Any CPU
		{DE50FA8C-866B-558F-F448-17E143A6ACC2}.Debug|Any CPU.Build.0 = Debug|Any CPU
		{DE50FA8C-866B-558F-F448-17E143A6ACC2}.Release|Any CPU.ActiveCfg = Release|Any CPU
		{DE50FA8C-866B-558F-F448-17E143A6ACC2}.Release|Any CPU.Build.0 = Release|Any CPU
		{ADB73B87-6125-A706-6083-548C4F39D54E}.Debug|Any CPU.ActiveCfg = Debug|Any CPU
		{ADB73B87-6125-A706-6083-548C4F39D54E}.Debug|Any CPU.Build.0 = Debug|Any CPU
		{ADB73B87-6125-A706-6083-548C4F39D54E}.Release|Any CPU.ActiveCfg = Release|Any CPU
		{ADB73B87-6125-A706-6083-548C4F39D54E}.Release|Any CPU.Build.0 = Release|Any CPU
		{3EB0C3E5-DFCA-8ADB-6D20-F3513B7539D5}.Debug|Any CPU.ActiveCfg = Debug|Any CPU
		{3EB0C3E5-DFCA-8ADB-6D20-F3513B7539D5}.Debug|Any CPU.Build.0 = Debug|Any CPU
		{3EB0C3E5-DFCA-8ADB-6D20-F3513B7539D5}.Release|Any CPU.ActiveCfg = Release|Any CPU
		{3EB0C3E5-DFCA-8ADB-6D20-F3513B7539D5}.Release|Any CPU.Build.0 = Release|Any CPU
		{3CDD65F2-7E1B-64D1-BF45-2A5688F2D843}.Debug|Any CPU.ActiveCfg = Debug|Any CPU
		{3CDD65F2-7E1B-64D1-BF45-2A5688F2D843}.Debug|Any CPU.Build.0 = Debug|Any CPU
		{3CDD65F2-7E1B-64D1-BF45-2A5688F2D843}.Release|Any CPU.ActiveCfg = Release|Any CPU
		{3CDD65F2-7E1B-64D1-BF45-2A5688F2D843}.Release|Any CPU.Build.0 = Release|Any CPU
		{C5851F91-E32F-4B44-2253-7A75ED8C3F4B}.Debug|Any CPU.ActiveCfg = Debug|Any CPU
		{C5851F91-E32F-4B44-2253-7A75ED8C3F4B}.Debug|Any CPU.Build.0 = Debug|Any CPU
		{C5851F91-E32F-4B44-2253-7A75ED8C3F4B}.Release|Any CPU.ActiveCfg = Release|Any CPU
		{C5851F91-E32F-4B44-2253-7A75ED8C3F4B}.Release|Any CPU.Build.0 = Release|Any CPU
		{287E110C-D268-FD35-8F50-A69789D1796C}.Debug|Any CPU.ActiveCfg = Debug|Any CPU
		{287E110C-D268-FD35-8F50-A69789D1796C}.Debug|Any CPU.Build.0 = Debug|Any CPU
		{287E110C-D268-FD35-8F50-A69789D1796C}.Release|Any CPU.ActiveCfg = Release|Any CPU
		{287E110C-D268-FD35-8F50-A69789D1796C}.Release|Any CPU.Build.0 = Release|Any CPU
		{E6112299-F609-B59F-4D2A-1B387FE385B1}.Debug|Any CPU.ActiveCfg = Debug|Any CPU
		{E6112299-F609-B59F-4D2A-1B387FE385B1}.Debug|Any CPU.Build.0 = Debug|Any CPU
		{E6112299-F609-B59F-4D2A-1B387FE385B1}.Release|Any CPU.ActiveCfg = Release|Any CPU
		{E6112299-F609-B59F-4D2A-1B387FE385B1}.Release|Any CPU.Build.0 = Release|Any CPU
		{912A0FC1-045B-9C91-A9D2-39D7140D311F}.Debug|Any CPU.ActiveCfg = Debug|Any CPU
		{912A0FC1-045B-9C91-A9D2-39D7140D311F}.Debug|Any CPU.Build.0 = Debug|Any CPU
		{912A0FC1-045B-9C91-A9D2-39D7140D311F}.Release|Any CPU.ActiveCfg = Release|Any CPU
		{912A0FC1-045B-9C91-A9D2-39D7140D311F}.Release|Any CPU.Build.0 = Release|Any CPU
		{EC97FC52-400E-B77E-0DE0-63ACD5897142}.Debug|Any CPU.ActiveCfg = Debug|Any CPU
		{EC97FC52-400E-B77E-0DE0-63ACD5897142}.Debug|Any CPU.Build.0 = Debug|Any CPU
		{EC97FC52-400E-B77E-0DE0-63ACD5897142}.Release|Any CPU.ActiveCfg = Release|Any CPU
		{EC97FC52-400E-B77E-0DE0-63ACD5897142}.Release|Any CPU.Build.0 = Release|Any CPU
		{3ADC9D84-1DD7-8D6F-5671-511AD15C2A5D}.Debug|Any CPU.ActiveCfg = Debug|Any CPU
		{3ADC9D84-1DD7-8D6F-5671-511AD15C2A5D}.Debug|Any CPU.Build.0 = Debug|Any CPU
		{3ADC9D84-1DD7-8D6F-5671-511AD15C2A5D}.Release|Any CPU.ActiveCfg = Release|Any CPU
		{3ADC9D84-1DD7-8D6F-5671-511AD15C2A5D}.Release|Any CPU.Build.0 = Release|Any CPU
		{66871920-167B-C5B6-A104-2EE1C17CB463}.Debug|Any CPU.ActiveCfg = Debug|Any CPU
		{66871920-167B-C5B6-A104-2EE1C17CB463}.Debug|Any CPU.Build.0 = Debug|Any CPU
		{66871920-167B-C5B6-A104-2EE1C17CB463}.Release|Any CPU.ActiveCfg = Release|Any CPU
		{66871920-167B-C5B6-A104-2EE1C17CB463}.Release|Any CPU.Build.0 = Release|Any CPU
		{7566A87D-E45F-7FB2-0516-E297AF1838B8}.Debug|Any CPU.ActiveCfg = Debug|Any CPU
		{7566A87D-E45F-7FB2-0516-E297AF1838B8}.Debug|Any CPU.Build.0 = Debug|Any CPU
		{7566A87D-E45F-7FB2-0516-E297AF1838B8}.Release|Any CPU.ActiveCfg = Release|Any CPU
		{7566A87D-E45F-7FB2-0516-E297AF1838B8}.Release|Any CPU.Build.0 = Release|Any CPU
		{991DC7C5-0255-A706-8AFE-B502B3367926}.Debug|Any CPU.ActiveCfg = Debug|Any CPU
		{991DC7C5-0255-A706-8AFE-B502B3367926}.Debug|Any CPU.Build.0 = Debug|Any CPU
		{991DC7C5-0255-A706-8AFE-B502B3367926}.Release|Any CPU.ActiveCfg = Release|Any CPU
		{991DC7C5-0255-A706-8AFE-B502B3367926}.Release|Any CPU.Build.0 = Release|Any CPU
		{2204158D-F376-5758-920B-1FB3680DC320}.Debug|Any CPU.ActiveCfg = Debug|Any CPU
		{2204158D-F376-5758-920B-1FB3680DC320}.Debug|Any CPU.Build.0 = Debug|Any CPU
		{2204158D-F376-5758-920B-1FB3680DC320}.Release|Any CPU.ActiveCfg = Release|Any CPU
		{2204158D-F376-5758-920B-1FB3680DC320}.Release|Any CPU.Build.0 = Release|Any CPU
		{2ECC1172-8EDE-7135-5F73-E188615EE56A}.Debug|Any CPU.ActiveCfg = Debug|Any CPU
		{2ECC1172-8EDE-7135-5F73-E188615EE56A}.Debug|Any CPU.Build.0 = Debug|Any CPU
		{2ECC1172-8EDE-7135-5F73-E188615EE56A}.Release|Any CPU.ActiveCfg = Release|Any CPU
		{2ECC1172-8EDE-7135-5F73-E188615EE56A}.Release|Any CPU.Build.0 = Release|Any CPU
		{768B0A25-BECE-2868-42F2-7CB08AA5822D}.Debug|Any CPU.ActiveCfg = Debug|Any CPU
		{768B0A25-BECE-2868-42F2-7CB08AA5822D}.Debug|Any CPU.Build.0 = Debug|Any CPU
		{768B0A25-BECE-2868-42F2-7CB08AA5822D}.Release|Any CPU.ActiveCfg = Release|Any CPU
		{768B0A25-BECE-2868-42F2-7CB08AA5822D}.Release|Any CPU.Build.0 = Release|Any CPU
		{7F90C69B-6B37-56B3-5FB8-82283F09B5D3}.Debug|Any CPU.ActiveCfg = Debug|Any CPU
		{7F90C69B-6B37-56B3-5FB8-82283F09B5D3}.Debug|Any CPU.Build.0 = Debug|Any CPU
		{7F90C69B-6B37-56B3-5FB8-82283F09B5D3}.Release|Any CPU.ActiveCfg = Release|Any CPU
		{7F90C69B-6B37-56B3-5FB8-82283F09B5D3}.Release|Any CPU.Build.0 = Release|Any CPU
		{EBBD0C71-71E7-0124-41E4-C5CF8353CCCF}.Debug|Any CPU.ActiveCfg = Debug|Any CPU
		{EBBD0C71-71E7-0124-41E4-C5CF8353CCCF}.Debug|Any CPU.Build.0 = Debug|Any CPU
		{EBBD0C71-71E7-0124-41E4-C5CF8353CCCF}.Release|Any CPU.ActiveCfg = Release|Any CPU
		{EBBD0C71-71E7-0124-41E4-C5CF8353CCCF}.Release|Any CPU.Build.0 = Release|Any CPU
		{57C6AA5F-1CED-785A-45CB-9DE481FC85B0}.Debug|Any CPU.ActiveCfg = Debug|Any CPU
		{57C6AA5F-1CED-785A-45CB-9DE481FC85B0}.Debug|Any CPU.Build.0 = Debug|Any CPU
		{57C6AA5F-1CED-785A-45CB-9DE481FC85B0}.Release|Any CPU.ActiveCfg = Release|Any CPU
		{57C6AA5F-1CED-785A-45CB-9DE481FC85B0}.Release|Any CPU.Build.0 = Release|Any CPU
		{56BC3F1A-9281-D862-FEEB-46583741502B}.Debug|Any CPU.ActiveCfg = Debug|Any CPU
		{56BC3F1A-9281-D862-FEEB-46583741502B}.Debug|Any CPU.Build.0 = Debug|Any CPU
		{56BC3F1A-9281-D862-FEEB-46583741502B}.Release|Any CPU.ActiveCfg = Release|Any CPU
		{56BC3F1A-9281-D862-FEEB-46583741502B}.Release|Any CPU.Build.0 = Release|Any CPU
		{BA10A232-DDF9-5772-68BE-F2621130D845}.Debug|Any CPU.ActiveCfg = Debug|Any CPU
		{BA10A232-DDF9-5772-68BE-F2621130D845}.Debug|Any CPU.Build.0 = Debug|Any CPU
		{BA10A232-DDF9-5772-68BE-F2621130D845}.Release|Any CPU.ActiveCfg = Release|Any CPU
		{BA10A232-DDF9-5772-68BE-F2621130D845}.Release|Any CPU.Build.0 = Release|Any CPU
		{1E2DC772-EB97-6BA6-75CF-9CE9FD37ADC1}.Debug|Any CPU.ActiveCfg = Debug|Any CPU
		{1E2DC772-EB97-6BA6-75CF-9CE9FD37ADC1}.Debug|Any CPU.Build.0 = Debug|Any CPU
		{1E2DC772-EB97-6BA6-75CF-9CE9FD37ADC1}.Release|Any CPU.ActiveCfg = Release|Any CPU
		{1E2DC772-EB97-6BA6-75CF-9CE9FD37ADC1}.Release|Any CPU.Build.0 = Release|Any CPU
		{BC0D27BF-6C60-3E69-47F7-673AD72944F2}.Debug|Any CPU.ActiveCfg = Debug|Any CPU
		{BC0D27BF-6C60-3E69-47F7-673AD72944F2}.Debug|Any CPU.Build.0 = Debug|Any CPU
		{BC0D27BF-6C60-3E69-47F7-673AD72944F2}.Release|Any CPU.ActiveCfg = Release|Any CPU
		{BC0D27BF-6C60-3E69-47F7-673AD72944F2}.Release|Any CPU.Build.0 = Release|Any CPU
		{5331C7C7-518D-8BBF-CC01-801C5D5E5C38}.Debug|Any CPU.ActiveCfg = Debug|Any CPU
		{5331C7C7-518D-8BBF-CC01-801C5D5E5C38}.Debug|Any CPU.Build.0 = Debug|Any CPU
		{5331C7C7-518D-8BBF-CC01-801C5D5E5C38}.Release|Any CPU.ActiveCfg = Release|Any CPU
		{5331C7C7-518D-8BBF-CC01-801C5D5E5C38}.Release|Any CPU.Build.0 = Release|Any CPU
		{52CE02B7-7EA3-6B03-DD9F-EBD36092FF4B}.Debug|Any CPU.ActiveCfg = Debug|Any CPU
		{52CE02B7-7EA3-6B03-DD9F-EBD36092FF4B}.Debug|Any CPU.Build.0 = Debug|Any CPU
		{52CE02B7-7EA3-6B03-DD9F-EBD36092FF4B}.Release|Any CPU.ActiveCfg = Release|Any CPU
		{52CE02B7-7EA3-6B03-DD9F-EBD36092FF4B}.Release|Any CPU.Build.0 = Release|Any CPU
		{D2548846-4D7A-79A1-F2C2-AF505822E82A}.Debug|Any CPU.ActiveCfg = Debug|Any CPU
		{D2548846-4D7A-79A1-F2C2-AF505822E82A}.Debug|Any CPU.Build.0 = Debug|Any CPU
		{D2548846-4D7A-79A1-F2C2-AF505822E82A}.Release|Any CPU.ActiveCfg = Release|Any CPU
		{D2548846-4D7A-79A1-F2C2-AF505822E82A}.Release|Any CPU.Build.0 = Release|Any CPU
		{2576FF5B-AC6B-AC1C-0046-29E328F50DDD}.Debug|Any CPU.ActiveCfg = Debug|Any CPU
		{2576FF5B-AC6B-AC1C-0046-29E328F50DDD}.Debug|Any CPU.Build.0 = Debug|Any CPU
		{2576FF5B-AC6B-AC1C-0046-29E328F50DDD}.Release|Any CPU.ActiveCfg = Release|Any CPU
		{2576FF5B-AC6B-AC1C-0046-29E328F50DDD}.Release|Any CPU.Build.0 = Release|Any CPU
		{DDA1D3C9-374B-08D4-843D-389A64BF5C06}.Debug|Any CPU.ActiveCfg = Debug|Any CPU
		{DDA1D3C9-374B-08D4-843D-389A64BF5C06}.Debug|Any CPU.Build.0 = Debug|Any CPU
		{DDA1D3C9-374B-08D4-843D-389A64BF5C06}.Release|Any CPU.ActiveCfg = Release|Any CPU
		{DDA1D3C9-374B-08D4-843D-389A64BF5C06}.Release|Any CPU.Build.0 = Release|Any CPU
		{1877923D-0DA0-C6CC-12A5-D0FDFB6B6E5C}.Debug|Any CPU.ActiveCfg = Debug|Any CPU
		{1877923D-0DA0-C6CC-12A5-D0FDFB6B6E5C}.Debug|Any CPU.Build.0 = Debug|Any CPU
		{1877923D-0DA0-C6CC-12A5-D0FDFB6B6E5C}.Release|Any CPU.ActiveCfg = Release|Any CPU
		{1877923D-0DA0-C6CC-12A5-D0FDFB6B6E5C}.Release|Any CPU.Build.0 = Release|Any CPU
		{E3C21F03-897A-4B00-2741-D84D47053AD6}.Debug|Any CPU.ActiveCfg = Debug|Any CPU
		{E3C21F03-897A-4B00-2741-D84D47053AD6}.Debug|Any CPU.Build.0 = Debug|Any CPU
		{E3C21F03-897A-4B00-2741-D84D47053AD6}.Release|Any CPU.ActiveCfg = Release|Any CPU
		{E3C21F03-897A-4B00-2741-D84D47053AD6}.Release|Any CPU.Build.0 = Release|Any CPU
		{DF421D08-5040-8BF8-E3EC-113491B6F8F5}.Debug|Any CPU.ActiveCfg = Debug|Any CPU
		{DF421D08-5040-8BF8-E3EC-113491B6F8F5}.Debug|Any CPU.Build.0 = Debug|Any CPU
		{DF421D08-5040-8BF8-E3EC-113491B6F8F5}.Release|Any CPU.ActiveCfg = Release|Any CPU
		{DF421D08-5040-8BF8-E3EC-113491B6F8F5}.Release|Any CPU.Build.0 = Release|Any CPU
		{311A569A-61A3-23C8-2DD6-BE68F59EE025}.Debug|Any CPU.ActiveCfg = Debug|Any CPU
		{311A569A-61A3-23C8-2DD6-BE68F59EE025}.Debug|Any CPU.Build.0 = Debug|Any CPU
		{311A569A-61A3-23C8-2DD6-BE68F59EE025}.Release|Any CPU.ActiveCfg = Release|Any CPU
		{311A569A-61A3-23C8-2DD6-BE68F59EE025}.Release|Any CPU.Build.0 = Release|Any CPU
		{77712FCF-3493-AEBF-8B66-B7080215046C}.Debug|Any CPU.ActiveCfg = Debug|Any CPU
		{77712FCF-3493-AEBF-8B66-B7080215046C}.Debug|Any CPU.Build.0 = Debug|Any CPU
		{77712FCF-3493-AEBF-8B66-B7080215046C}.Release|Any CPU.ActiveCfg = Release|Any CPU
		{77712FCF-3493-AEBF-8B66-B7080215046C}.Release|Any CPU.Build.0 = Release|Any CPU
		{E32E8573-B5AB-7D2E-D83D-4B510506BC1D}.Debug|Any CPU.ActiveCfg = Debug|Any CPU
		{E32E8573-B5AB-7D2E-D83D-4B510506BC1D}.Debug|Any CPU.Build.0 = Debug|Any CPU
		{E32E8573-B5AB-7D2E-D83D-4B510506BC1D}.Release|Any CPU.ActiveCfg = Release|Any CPU
		{E32E8573-B5AB-7D2E-D83D-4B510506BC1D}.Release|Any CPU.Build.0 = Release|Any CPU
	EndGlobalSection
	GlobalSection(SolutionProperties) = preSolution
		HideSolutionNode = FALSE
	EndGlobalSection
EndGlobal
